
Microsoft Visual Studio Solution File, Format Version 12.00
# Visual Studio 14
VisualStudioVersion = 14.0.25420.1
MinimumVisualStudioVersion = 10.0.40219.1
Project("{FAE04EC0-301F-11D3-BF4B-00C04F79EFBC}") = "Synel.Web", "Synel.Web\Synel.Web.csproj", "{89706788-902C-49AE-9CB2-819772B92A1F}"
EndProject
Project("{FAE04EC0-301F-11D3-BF4B-00C04F79EFBC}") = "Synel.DAL", "Synel.DAL\Synel.DAL.csproj", "{3B857DCD-BF0B-4FD4-A225-BBF3F0285A3C}"
EndProject
Global
	GlobalSection(SolutionConfigurationPlatforms) = preSolution
		Debug|Any CPU = Debug|Any CPU
		Release|Any CPU = Release|Any CPU
	EndGlobalSection
	GlobalSection(ProjectConfigurationPlatforms) = postSolution
		{89706788-902C-49AE-9CB2-819772B92A1F}.Debug|Any CPU.ActiveCfg = Debug|Any CPU
		{89706788-902C-49AE-9CB2-819772B92A1F}.Debug|Any CPU.Build.0 = Debug|Any CPU
		{89706788-902C-49AE-9CB2-819772B92A1F}.Release|Any CPU.ActiveCfg = Release|Any CPU
		{89706788-902C-49AE-9CB2-819772B92A1F}.Release|Any CPU.Build.0 = Release|Any CPU
		{3B857DCD-BF0B-4FD4-A225-BBF3F0285A3C}.Debug|Any CPU.ActiveCfg = Debug|Any CPU
		{3B857DCD-BF0B-4FD4-A225-BBF3F0285A3C}.Debug|Any CPU.Build.0 = Debug|Any CPU
		{3B857DCD-BF0B-4FD4-A225-BBF3F0285A3C}.Release|Any CPU.ActiveCfg = Release|Any CPU
		{3B857DCD-BF0B-4FD4-A225-BBF3F0285A3C}.Release|Any CPU.Build.0 = Release|Any CPU
	EndGlobalSection
	GlobalSection(SolutionProperties) = preSolution
		HideSolutionNode = FALSE
	EndGlobalSection
EndGlobal
